
Microsoft Visual Studio Solution File, Format Version 12.00
# Visual Studio Version 17
VisualStudioVersion = 17.1.32421.90
MinimumVisualStudioVersion = 10.0.40219.1
Project("{8BC9CEB8-8B4A-11D0-8D11-00A0C91BC942}") = "PP05", "PP05\PP05.vcxproj", "{E8EBABD4-797B-43D0-B36B-DE2DB07779D9}"
EndProject
Project("{8BC9CEB8-8B4A-11D0-8D11-00A0C91BC942}") = "PP06", "PP06\PP06.vcxproj", "{15CE83ED-75D6-42CF-9865-33A4D2C3D401}"
EndProject
Project("{8BC9CEB8-8B4A-11D0-8D11-00A0C91BC942}") = "PP07", "PP07\PP07.vcxproj", "{79E0F700-4595-42DA-AE01-625D49C7D135}"
EndProject
Project("{8BC9CEB8-8B4A-11D0-8D11-00A0C91BC942}") = "PP12", "PP12\PP12.vcxproj", "{312E998F-D841-4445-8417-44710EC5DFA4}"
EndProject
Project("{8BC9CEB8-8B4A-11D0-8D11-00A0C91BC942}") = "PP12_Bitmap", "PP12_Bitmap\PP12_Bitmap.vcxproj", "{92DE382F-F4DB-4483-AFBE-901AD0CEF88E}"
EndProject
Project("{8BC9CEB8-8B4A-11D0-8D11-00A0C91BC942}") = "Cpp_FinalEx_201934020", "Cpp_FinalEx_201934020\Cpp_FinalEx_201934020.vcxproj", "{FA1891EB-1198-4A48-9CD3-27D3D703BD80}"
EndProject
Global
	GlobalSection(SolutionConfigurationPlatforms) = preSolution
		Debug|x64 = Debug|x64
		Debug|x86 = Debug|x86
		Release|x64 = Release|x64
		Release|x86 = Release|x86
	EndGlobalSection
	GlobalSection(ProjectConfigurationPlatforms) = postSolution
		{E8EBABD4-797B-43D0-B36B-DE2DB07779D9}.Debug|x64.ActiveCfg = Debug|x64
		{E8EBABD4-797B-43D0-B36B-DE2DB07779D9}.Debug|x64.Build.0 = Debug|x64
		{E8EBABD4-797B-43D0-B36B-DE2DB07779D9}.Debug|x86.ActiveCfg = Debug|Win32
		{E8EBABD4-797B-43D0-B36B-DE2DB07779D9}.Debug|x86.Build.0 = Debug|Win32
		{E8EBABD4-797B-43D0-B36B-DE2DB07779D9}.Release|x64.ActiveCfg = Release|x64
		{E8EBABD4-797B-43D0-B36B-DE2DB07779D9}.Release|x64.Build.0 = Release|x64
		{E8EBABD4-797B-43D0-B36B-DE2DB07779D9}.Release|x86.ActiveCfg = Release|Win32
		{E8EBABD4-797B-43D0-B36B-DE2DB07779D9}.Release|x86.Build.0 = Release|Win32
		{15CE83ED-75D6-42CF-9865-33A4D2C3D401}.Debug|x64.ActiveCfg = Debug|x64
		{15CE83ED-75D6-42CF-9865-33A4D2C3D401}.Debug|x64.Build.0 = Debug|x64
		{15CE83ED-75D6-42CF-9865-33A4D2C3D401}.Debug|x86.ActiveCfg = Debug|Win32
		{15CE83ED-75D6-42CF-9865-33A4D2C3D401}.Debug|x86.Build.0 = Debug|Win32
		{15CE83ED-75D6-42CF-9865-33A4D2C3D401}.Release|x64.ActiveCfg = Release|x64
		{15CE83ED-75D6-42CF-9865-33A4D2C3D401}.Release|x64.Build.0 = Release|x64
		{15CE83ED-75D6-42CF-9865-33A4D2C3D401}.Release|x86.ActiveCfg = Release|Win32
		{15CE83ED-75D6-42CF-9865-33A4D2C3D401}.Release|x86.Build.0 = Release|Win32
		{79E0F700-4595-42DA-AE01-625D49C7D135}.Debug|x64.ActiveCfg = Debug|x64
		{79E0F700-4595-42DA-AE01-625D49C7D135}.Debug|x64.Build.0 = Debug|x64
		{79E0F700-4595-42DA-AE01-625D49C7D135}.Debug|x86.ActiveCfg = Debug|Win32
		{79E0F700-4595-42DA-AE01-625D49C7D135}.Debug|x86.Build.0 = Debug|Win32
		{79E0F700-4595-42DA-AE01-625D49C7D135}.Release|x64.ActiveCfg = Release|x64
		{79E0F700-4595-42DA-AE01-625D49C7D135}.Release|x64.Build.0 = Release|x64
		{79E0F700-4595-42DA-AE01-625D49C7D135}.Release|x86.ActiveCfg = Release|Win32
		{79E0F700-4595-42DA-AE01-625D49C7D135}.Release|x86.Build.0 = Release|Win32
		{312E998F-D841-4445-8417-44710EC5DFA4}.Debug|x64.ActiveCfg = Debug|x64
		{312E998F-D841-4445-8417-44710EC5DFA4}.Debug|x64.Build.0 = Debug|x64
		{312E998F-D841-4445-8417-44710EC5DFA4}.Debug|x86.ActiveCfg = Debug|Win32
		{312E998F-D841-4445-8417-44710EC5DFA4}.Debug|x86.Build.0 = Debug|Win32
		{312E998F-D841-4445-8417-44710EC5DFA4}.Release|x64.ActiveCfg = Release|x64
		{312E998F-D841-4445-8417-44710EC5DFA4}.Release|x64.Build.0 = Release|x64
		{312E998F-D841-4445-8417-44710EC5DFA4}.Release|x86.ActiveCfg = Release|Win32
		{312E998F-D841-4445-8417-44710EC5DFA4}.Release|x86.Build.0 = Release|Win32
		{92DE382F-F4DB-4483-AFBE-901AD0CEF88E}.Debug|x64.ActiveCfg = Debug|x64
		{92DE382F-F4DB-4483-AFBE-901AD0CEF88E}.Debug|x64.Build.0 = Debug|x64
		{92DE382F-F4DB-4483-AFBE-901AD0CEF88E}.Debug|x86.ActiveCfg = Debug|Win32
		{92DE382F-F4DB-4483-AFBE-901AD0CEF88E}.Debug|x86.Build.0 = Debug|Win32
		{92DE382F-F4DB-4483-AFBE-901AD0CEF88E}.Release|x64.ActiveCfg = Release|x64
		{92DE382F-F4DB-4483-AFBE-901AD0CEF88E}.Release|x64.Build.0 = Release|x64
		{92DE382F-F4DB-4483-AFBE-901AD0CEF88E}.Release|x86.ActiveCfg = Release|Win32
		{92DE382F-F4DB-4483-AFBE-901AD0CEF88E}.Release|x86.Build.0 = Release|Win32
		{FA1891EB-1198-4A48-9CD3-27D3D703BD80}.Debug|x64.ActiveCfg = Debug|x64
		{FA1891EB-1198-4A48-9CD3-27D3D703BD80}.Debug|x64.Build.0 = Debug|x64
		{FA1891EB-1198-4A48-9CD3-27D3D703BD80}.Debug|x86.ActiveCfg = Debug|Win32
		{FA1891EB-1198-4A48-9CD3-27D3D703BD80}.Debug|x86.Build.0 = Debug|Win32
		{FA1891EB-1198-4A48-9CD3-27D3D703BD80}.Release|x64.ActiveCfg = Release|x64
		{FA1891EB-1198-4A48-9CD3-27D3D703BD80}.Release|x64.Build.0 = Release|x64
		{FA1891EB-1198-4A48-9CD3-27D3D703BD80}.Release|x86.ActiveCfg = Release|Win32
		{FA1891EB-1198-4A48-9CD3-27D3D703BD80}.Release|x86.Build.0 = Release|Win32
	EndGlobalSection
	GlobalSection(SolutionProperties) = preSolution
		HideSolutionNode = FALSE
	EndGlobalSection
	GlobalSection(ExtensibilityGlobals) = postSolution
		SolutionGuid = {FA05FB2E-F7D7-4ADE-BB15-36F243F32532}
	EndGlobalSection
EndGlobal
